// !$*UTF8*$!
{
	archiveVersion = 1;
	classes = {
	};
	objectVersion = 56;
	objects = {

/* Begin PBXBuildFile section */
		3F18A5982992CB2400B59B9D /* HTTPRequest.swift in Sources */ = {isa = PBXBuildFile; fileRef = 3F18A5972992CB2400B59B9D /* HTTPRequest.swift */; };
		3F18A59A2992D10B00B59B9D /* Extension+Class.swift in Sources */ = {isa = PBXBuildFile; fileRef = 3F18A5992992D10B00B59B9D /* Extension+Class.swift */; };
		3F18A59C2992D1C600B59B9D /* ExemploManhattan.swift in Sources */ = {isa = PBXBuildFile; fileRef = 3F18A59B2992D1C600B59B9D /* ExemploManhattan.swift */; };
		883520962994741300512FE3 /* ImageModel.swift in Sources */ = {isa = PBXBuildFile; fileRef = 883520952994741300512FE3 /* ImageModel.swift */; };
		88BDDD2B29943AC200846785 /* AvatarView.swift in Sources */ = {isa = PBXBuildFile; fileRef = 88BDDD2A29943AC200846785 /* AvatarView.swift */; };
		88BDDD31299442DD00846785 /* EditAvatarView.swift in Sources */ = {isa = PBXBuildFile; fileRef = 88BDDD30299442DD00846785 /* EditAvatarView.swift */; };
		88DE5315299536FF00902E7B /* OptionEditAvatar.swift in Sources */ = {isa = PBXBuildFile; fileRef = 88DE5314299536FF00902E7B /* OptionEditAvatar.swift */; };
		88F98E7E298BF25300B95A80 /* ahvaApp.swift in Sources */ = {isa = PBXBuildFile; fileRef = 88F98E7D298BF25300B95A80 /* ahvaApp.swift */; };
		88F98E80298BF25300B95A80 /* ContentView.swift in Sources */ = {isa = PBXBuildFile; fileRef = 88F98E7F298BF25300B95A80 /* ContentView.swift */; };
		88F98E82298BF25300B95A80 /* Assets.xcassets in Resources */ = {isa = PBXBuildFile; fileRef = 88F98E81298BF25300B95A80 /* Assets.xcassets */; };
		88F98E8C298BF36600B95A80 /* Avatar.swift in Sources */ = {isa = PBXBuildFile; fileRef = 88F98E8B298BF36600B95A80 /* Avatar.swift */; };
/* End PBXBuildFile section */

/* Begin PBXFileReference section */
		3F18A5972992CB2400B59B9D /* HTTPRequest.swift */ = {isa = PBXFileReference; lastKnownFileType = sourcecode.swift; path = HTTPRequest.swift; sourceTree = "<group>"; };
		3F18A5992992D10B00B59B9D /* Extension+Class.swift */ = {isa = PBXFileReference; lastKnownFileType = sourcecode.swift; path = "Extension+Class.swift"; sourceTree = "<group>"; };
		3F18A59B2992D1C600B59B9D /* ExemploManhattan.swift */ = {isa = PBXFileReference; lastKnownFileType = sourcecode.swift; path = ExemploManhattan.swift; sourceTree = "<group>"; };
		883520952994741300512FE3 /* ImageModel.swift */ = {isa = PBXFileReference; lastKnownFileType = sourcecode.swift; path = ImageModel.swift; sourceTree = "<group>"; };
		883520972994C45D00512FE3 /* Info.plist */ = {isa = PBXFileReference; lastKnownFileType = text.plist; path = Info.plist; sourceTree = "<group>"; };
		88BDDD2A29943AC200846785 /* AvatarView.swift */ = {isa = PBXFileReference; lastKnownFileType = sourcecode.swift; path = AvatarView.swift; sourceTree = "<group>"; };
		88BDDD30299442DD00846785 /* EditAvatarView.swift */ = {isa = PBXFileReference; lastKnownFileType = sourcecode.swift; path = EditAvatarView.swift; sourceTree = "<group>"; };
		88DE5314299536FF00902E7B /* OptionEditAvatar.swift */ = {isa = PBXFileReference; lastKnownFileType = sourcecode.swift; path = OptionEditAvatar.swift; sourceTree = "<group>"; };
		88F98E7A298BF25300B95A80 /* ahva.app */ = {isa = PBXFileReference; explicitFileType = wrapper.application; includeInIndex = 0; path = ahva.app; sourceTree = BUILT_PRODUCTS_DIR; };
		88F98E7D298BF25300B95A80 /* ahvaApp.swift */ = {isa = PBXFileReference; lastKnownFileType = sourcecode.swift; path = ahvaApp.swift; sourceTree = "<group>"; };
		88F98E7F298BF25300B95A80 /* ContentView.swift */ = {isa = PBXFileReference; lastKnownFileType = sourcecode.swift; path = ContentView.swift; sourceTree = "<group>"; };
		88F98E81298BF25300B95A80 /* Assets.xcassets */ = {isa = PBXFileReference; lastKnownFileType = folder.assetcatalog; path = Assets.xcassets; sourceTree = "<group>"; };
		88F98E8B298BF36600B95A80 /* Avatar.swift */ = {isa = PBXFileReference; lastKnownFileType = sourcecode.swift; path = Avatar.swift; sourceTree = "<group>"; };
/* End PBXFileReference section */

/* Begin PBXFrameworksBuildPhase section */
		88F98E77298BF25200B95A80 /* Frameworks */ = {
			isa = PBXFrameworksBuildPhase;
			buildActionMask = 2147483647;
			files = (
			);
			runOnlyForDeploymentPostprocessing = 0;
		};
/* End PBXFrameworksBuildPhase section */

/* Begin PBXGroup section */
		88BDDD2C29943F8100846785 /* Model */ = {
			isa = PBXGroup;
			children = (
			);
			path = Model;
			sourceTree = "<group>";
		};
		88BDDD2D29943F9F00846785 /* ViewModel */ = {
			isa = PBXGroup;
			children = (
				3F18A5972992CB2400B59B9D /* HTTPRequest.swift */,
				883520952994741300512FE3 /* ImageModel.swift */,
			);
			path = ViewModel;
			sourceTree = "<group>";
		};
		88BDDD2E29943FB600846785 /* View */ = {
			isa = PBXGroup;
			children = (
				3F18A59B2992D1C600B59B9D /* ExemploManhattan.swift */,
				88BDDD30299442DD00846785 /* EditAvatarView.swift */,
				88BDDD2F299442B100846785 /* ViewModifiers */,
			);
			path = View;
			sourceTree = "<group>";
		};
		88BDDD2F299442B100846785 /* ViewModifiers */ = {
			isa = PBXGroup;
			children = (
				88BDDD2A29943AC200846785 /* AvatarView.swift */,
				88DE5314299536FF00902E7B /* OptionEditAvatar.swift */,
			);
			path = ViewModifiers;
			sourceTree = "<group>";
		};
		88F98E71298BF25200B95A80 = {
			isa = PBXGroup;
			children = (
				88F98E7C298BF25300B95A80 /* ahva */,
				88F98E7B298BF25300B95A80 /* Products */,
			);
			sourceTree = "<group>";
		};
		88F98E7B298BF25300B95A80 /* Products */ = {
			isa = PBXGroup;
			children = (
				88F98E7A298BF25300B95A80 /* ahva.app */,
			);
			name = Products;
			sourceTree = "<group>";
		};
		88F98E7C298BF25300B95A80 /* ahva */ = {
			isa = PBXGroup;
			children = (
				883520972994C45D00512FE3 /* Info.plist */,
				88F98E7D298BF25300B95A80 /* ahvaApp.swift */,
				88F98E7F298BF25300B95A80 /* ContentView.swift */,
				88BDDD2C29943F8100846785 /* Model */,
				88BDDD2D29943F9F00846785 /* ViewModel */,
				88BDDD2E29943FB600846785 /* View */,
				88F98E8B298BF36600B95A80 /* Avatar.swift */,
				88F98E81298BF25300B95A80 /* Assets.xcassets */,
				88F98E83298BF25300B95A80 /* Preview Content */,
				3F18A5992992D10B00B59B9D /* Extension+Class.swift */,
				3FC95102299435DC000BC17C /* Preview Content */,
			);
			path = ahva;
			sourceTree = "<group>";
		};
/* End PBXGroup section */

/* Begin PBXNativeTarget section */
		88F98E79298BF25200B95A80 /* ahva */ = {
			isa = PBXNativeTarget;
			buildConfigurationList = 88F98E88298BF25300B95A80 /* Build configuration list for PBXNativeTarget "ahva" */;
			buildPhases = (
				88F98E76298BF25200B95A80 /* Sources */,
				88F98E77298BF25200B95A80 /* Frameworks */,
				88F98E78298BF25200B95A80 /* Resources */,
			);
			buildRules = (
			);
			dependencies = (
			);
			name = ahva;
			productName = ahva;
			productReference = 88F98E7A298BF25300B95A80 /* ahva.app */;
			productType = "com.apple.product-type.application";
		};
/* End PBXNativeTarget section */

/* Begin PBXProject section */
		88F98E72298BF25200B95A80 /* Project object */ = {
			isa = PBXProject;
			attributes = {
				BuildIndependentTargetsInParallel = 1;
				LastSwiftUpdateCheck = 1410;
				LastUpgradeCheck = 1410;
				TargetAttributes = {
					88F98E79298BF25200B95A80 = {
						CreatedOnToolsVersion = 14.1;
					};
				};
			};
			buildConfigurationList = 88F98E75298BF25200B95A80 /* Build configuration list for PBXProject "ahva" */;
			compatibilityVersion = "Xcode 14.0";
			developmentRegion = en;
			hasScannedForEncodings = 0;
			knownRegions = (
				en,
				Base,
			);
			mainGroup = 88F98E71298BF25200B95A80;
			productRefGroup = 88F98E7B298BF25300B95A80 /* Products */;
			projectDirPath = "";
			projectRoot = "";
			targets = (
				88F98E79298BF25200B95A80 /* ahva */,
			);
		};
/* End PBXProject section */

/* Begin PBXResourcesBuildPhase section */
		88F98E78298BF25200B95A80 /* Resources */ = {
			isa = PBXResourcesBuildPhase;
			buildActionMask = 2147483647;
			files = (
				88F98E82298BF25300B95A80 /* Assets.xcassets in Resources */,
				3FC95101299435CD000BC17C /* Preview Assets.xcassets in Resources */,
			);
			runOnlyForDeploymentPostprocessing = 0;
		};
/* End PBXResourcesBuildPhase section */

/* Begin PBXSourcesBuildPhase section */
		88F98E76298BF25200B95A80 /* Sources */ = {
			isa = PBXSourcesBuildPhase;
			buildActionMask = 2147483647;
			files = (
				88F98E80298BF25300B95A80 /* ContentView.swift in Sources */,
				88DE5315299536FF00902E7B /* OptionEditAvatar.swift in Sources */,
				3F18A5982992CB2400B59B9D /* HTTPRequest.swift in Sources */,
				88F98E8C298BF36600B95A80 /* Avatar.swift in Sources */,
				88BDDD2B29943AC200846785 /* AvatarView.swift in Sources */,
				883520962994741300512FE3 /* ImageModel.swift in Sources */,
				3F18A59C2992D1C600B59B9D /* ExemploManhattan.swift in Sources */,
				88F98E7E298BF25300B95A80 /* ahvaApp.swift in Sources */,
				3F18A59A2992D10B00B59B9D /* Extension+Class.swift in Sources */,
				88BDDD31299442DD00846785 /* EditAvatarView.swift in Sources */,
			);
			runOnlyForDeploymentPostprocessing = 0;
		};
/* End PBXSourcesBuildPhase section */

/* Begin XCBuildConfiguration section */
		88F98E86298BF25300B95A80 /* Debug */ = {
			isa = XCBuildConfiguration;
			buildSettings = {
				ALWAYS_SEARCH_USER_PATHS = NO;
				CLANG_ANALYZER_NONNULL = YES;
				CLANG_ANALYZER_NUMBER_OBJECT_CONVERSION = YES_AGGRESSIVE;
				CLANG_CXX_LANGUAGE_STANDARD = "gnu++20";
				CLANG_ENABLE_MODULES = YES;
				CLANG_ENABLE_OBJC_ARC = YES;
				CLANG_ENABLE_OBJC_WEAK = YES;
				CLANG_WARN_BLOCK_CAPTURE_AUTORELEASING = YES;
				CLANG_WARN_BOOL_CONVERSION = YES;
				CLANG_WARN_COMMA = YES;
				CLANG_WARN_CONSTANT_CONVERSION = YES;
				CLANG_WARN_DEPRECATED_OBJC_IMPLEMENTATIONS = YES;
				CLANG_WARN_DIRECT_OBJC_ISA_USAGE = YES_ERROR;
				CLANG_WARN_DOCUMENTATION_COMMENTS = YES;
				CLANG_WARN_EMPTY_BODY = YES;
				CLANG_WARN_ENUM_CONVERSION = YES;
				CLANG_WARN_INFINITE_RECURSION = YES;
				CLANG_WARN_INT_CONVERSION = YES;
				CLANG_WARN_NON_LITERAL_NULL_CONVERSION = YES;
				CLANG_WARN_OBJC_IMPLICIT_RETAIN_SELF = YES;
				CLANG_WARN_OBJC_LITERAL_CONVERSION = YES;
				CLANG_WARN_OBJC_ROOT_CLASS = YES_ERROR;
				CLANG_WARN_QUOTED_INCLUDE_IN_FRAMEWORK_HEADER = YES;
				CLANG_WARN_RANGE_LOOP_ANALYSIS = YES;
				CLANG_WARN_STRICT_PROTOTYPES = YES;
				CLANG_WARN_SUSPICIOUS_MOVE = YES;
				CLANG_WARN_UNGUARDED_AVAILABILITY = YES_AGGRESSIVE;
				CLANG_WARN_UNREACHABLE_CODE = YES;
				CLANG_WARN__DUPLICATE_METHOD_MATCH = YES;
				COPY_PHASE_STRIP = NO;
				DEBUG_INFORMATION_FORMAT = dwarf;
				ENABLE_STRICT_OBJC_MSGSEND = YES;
				ENABLE_TESTABILITY = YES;
				GCC_C_LANGUAGE_STANDARD = gnu11;
				GCC_DYNAMIC_NO_PIC = NO;
				GCC_NO_COMMON_BLOCKS = YES;
				GCC_OPTIMIZATION_LEVEL = 0;
				GCC_PREPROCESSOR_DEFINITIONS = (
					"DEBUG=1",
					"$(inherited)",
				);
				GCC_WARN_64_TO_32_BIT_CONVERSION = YES;
				GCC_WARN_ABOUT_RETURN_TYPE = YES_ERROR;
				GCC_WARN_UNDECLARED_SELECTOR = YES;
				GCC_WARN_UNINITIALIZED_AUTOS = YES_AGGRESSIVE;
				GCC_WARN_UNUSED_FUNCTION = YES;
				GCC_WARN_UNUSED_VARIABLE = YES;
				IPHONEOS_DEPLOYMENT_TARGET = 16.1;
				MTL_ENABLE_DEBUG_INFO = INCLUDE_SOURCE;
				MTL_FAST_MATH = YES;
				ONLY_ACTIVE_ARCH = YES;
				SDKROOT = iphoneos;
				SWIFT_ACTIVE_COMPILATION_CONDITIONS = DEBUG;
				SWIFT_OPTIMIZATION_LEVEL = "-Onone";
			};
			name = Debug;
		};
		88F98E87298BF25300B95A80 /* Release */ = {
			isa = XCBuildConfiguration;
			buildSettings = {
				ALWAYS_SEARCH_USER_PATHS = NO;
				CLANG_ANALYZER_NONNULL = YES;
				CLANG_ANALYZER_NUMBER_OBJECT_CONVERSION = YES_AGGRESSIVE;
				CLANG_CXX_LANGUAGE_STANDARD = "gnu++20";
				CLANG_ENABLE_MODULES = YES;
				CLANG_ENABLE_OBJC_ARC = YES;
				CLANG_ENABLE_OBJC_WEAK = YES;
				CLANG_WARN_BLOCK_CAPTURE_AUTORELEASING = YES;
				CLANG_WARN_BOOL_CONVERSION = YES;
				CLANG_WARN_COMMA = YES;
				CLANG_WARN_CONSTANT_CONVERSION = YES;
				CLANG_WARN_DEPRECATED_OBJC_IMPLEMENTATIONS = YES;
				CLANG_WARN_DIRECT_OBJC_ISA_USAGE = YES_ERROR;
				CLANG_WARN_DOCUMENTATION_COMMENTS = YES;
				CLANG_WARN_EMPTY_BODY = YES;
				CLANG_WARN_ENUM_CONVERSION = YES;
				CLANG_WARN_INFINITE_RECURSION = YES;
				CLANG_WARN_INT_CONVERSION = YES;
				CLANG_WARN_NON_LITERAL_NULL_CONVERSION = YES;
				CLANG_WARN_OBJC_IMPLICIT_RETAIN_SELF = YES;
				CLANG_WARN_OBJC_LITERAL_CONVERSION = YES;
				CLANG_WARN_OBJC_ROOT_CLASS = YES_ERROR;
				CLANG_WARN_QUOTED_INCLUDE_IN_FRAMEWORK_HEADER = YES;
				CLANG_WARN_RANGE_LOOP_ANALYSIS = YES;
				CLANG_WARN_STRICT_PROTOTYPES = YES;
				CLANG_WARN_SUSPICIOUS_MOVE = YES;
				CLANG_WARN_UNGUARDED_AVAILABILITY = YES_AGGRESSIVE;
				CLANG_WARN_UNREACHABLE_CODE = YES;
				CLANG_WARN__DUPLICATE_METHOD_MATCH = YES;
				COPY_PHASE_STRIP = NO;
				DEBUG_INFORMATION_FORMAT = "dwarf-with-dsym";
				ENABLE_NS_ASSERTIONS = NO;
				ENABLE_STRICT_OBJC_MSGSEND = YES;
				GCC_C_LANGUAGE_STANDARD = gnu11;
				GCC_NO_COMMON_BLOCKS = YES;
				GCC_WARN_64_TO_32_BIT_CONVERSION = YES;
				GCC_WARN_ABOUT_RETURN_TYPE = YES_ERROR;
				GCC_WARN_UNDECLARED_SELECTOR = YES;
				GCC_WARN_UNINITIALIZED_AUTOS = YES_AGGRESSIVE;
				GCC_WARN_UNUSED_FUNCTION = YES;
				GCC_WARN_UNUSED_VARIABLE = YES;
				IPHONEOS_DEPLOYMENT_TARGET = 16.1;
				MTL_ENABLE_DEBUG_INFO = NO;
				MTL_FAST_MATH = YES;
				SDKROOT = iphoneos;
				SWIFT_COMPILATION_MODE = wholemodule;
				SWIFT_OPTIMIZATION_LEVEL = "-O";
				VALIDATE_PRODUCT = YES;
			};
			name = Release;
		};
		88F98E89298BF25300B95A80 /* Debug */ = {
			isa = XCBuildConfiguration;
			buildSettings = {
				ASSETCATALOG_COMPILER_APPICON_NAME = AppIcon;
				ASSETCATALOG_COMPILER_GLOBAL_ACCENT_COLOR_NAME = AccentColor;
				CODE_SIGN_STYLE = Automatic;
				CURRENT_PROJECT_VERSION = 1;
				DEVELOPMENT_ASSET_PATHS = "\"ahva/Preview Content\"";
				DEVELOPMENT_TEAM = Z2T622XX3F;
				ENABLE_PREVIEWS = YES;
				GENERATE_INFOPLIST_FILE = YES;
				INFOPLIST_FILE = ahva/Info.plist;
				INFOPLIST_KEY_NSPhotoLibraryAddUsageDescription = "";
				INFOPLIST_KEY_NSPhotoLibraryUsageDescription = "";
				INFOPLIST_KEY_UIApplicationSceneManifest_Generation = YES;
				INFOPLIST_KEY_UIApplicationSupportsIndirectInputEvents = YES;
				INFOPLIST_KEY_UILaunchScreen_Generation = YES;
				INFOPLIST_KEY_UISupportedInterfaceOrientations_iPad = "UIInterfaceOrientationPortrait UIInterfaceOrientationPortraitUpsideDown UIInterfaceOrientationLandscapeLeft UIInterfaceOrientationLandscapeRight";
				INFOPLIST_KEY_UISupportedInterfaceOrientations_iPhone = "UIInterfaceOrientationPortrait UIInterfaceOrientationLandscapeLeft UIInterfaceOrientationLandscapeRight";
				LD_RUNPATH_SEARCH_PATHS = (
					"$(inherited)",
					"@executable_path/Frameworks",
				);
				MARKETING_VERSION = 1.0;
				PRODUCT_BUNDLE_IDENTIFIER = bruno.ahva;
				PRODUCT_NAME = "$(TARGET_NAME)";
				SWIFT_EMIT_LOC_STRINGS = YES;
				SWIFT_VERSION = 5.0;
				TARGETED_DEVICE_FAMILY = "1,2";
			};
			name = Debug;
		};
		88F98E8A298BF25300B95A80 /* Release */ = {
			isa = XCBuildConfiguration;
			buildSettings = {
				ASSETCATALOG_COMPILER_APPICON_NAME = AppIcon;
				ASSETCATALOG_COMPILER_GLOBAL_ACCENT_COLOR_NAME = AccentColor;
				CODE_SIGN_STYLE = Automatic;
				CURRENT_PROJECT_VERSION = 1;
				DEVELOPMENT_ASSET_PATHS = "\"ahva/Preview Content\"";
				DEVELOPMENT_TEAM = Z2T622XX3F;
				ENABLE_PREVIEWS = YES;
				GENERATE_INFOPLIST_FILE = YES;
				INFOPLIST_FILE = ahva/Info.plist;
				INFOPLIST_KEY_NSPhotoLibraryAddUsageDescription = "";
				INFOPLIST_KEY_NSPhotoLibraryUsageDescription = "";
				INFOPLIST_KEY_UIApplicationSceneManifest_Generation = YES;
				INFOPLIST_KEY_UIApplicationSupportsIndirectInputEvents = YES;
				INFOPLIST_KEY_UILaunchScreen_Generation = YES;
				INFOPLIST_KEY_UISupportedInterfaceOrientations_iPad = "UIInterfaceOrientationPortrait UIInterfaceOrientationPortraitUpsideDown UIInterfaceOrientationLandscapeLeft UIInterfaceOrientationLandscapeRight";
				INFOPLIST_KEY_UISupportedInterfaceOrientations_iPhone = "UIInterfaceOrientationPortrait UIInterfaceOrientationLandscapeLeft UIInterfaceOrientationLandscapeRight";
				LD_RUNPATH_SEARCH_PATHS = (
					"$(inherited)",
					"@executable_path/Frameworks",
				);
				MARKETING_VERSION = 1.0;
				PRODUCT_BUNDLE_IDENTIFIER = bruno.ahva;
				PRODUCT_NAME = "$(TARGET_NAME)";
				SWIFT_EMIT_LOC_STRINGS = YES;
				SWIFT_VERSION = 5.0;
				TARGETED_DEVICE_FAMILY = "1,2";
			};
			name = Release;
		};
/* End XCBuildConfiguration section */

/* Begin XCConfigurationList section */
		88F98E75298BF25200B95A80 /* Build configuration list for PBXProject "ahva" */ = {
			isa = XCConfigurationList;
			buildConfigurations = (
				88F98E86298BF25300B95A80 /* Debug */,
				88F98E87298BF25300B95A80 /* Release */,
			);
			defaultConfigurationIsVisible = 0;
			defaultConfigurationName = Release;
		};
		88F98E88298BF25300B95A80 /* Build configuration list for PBXNativeTarget "ahva" */ = {
			isa = XCConfigurationList;
			buildConfigurations = (
				88F98E89298BF25300B95A80 /* Debug */,
				88F98E8A298BF25300B95A80 /* Release */,
			);
			defaultConfigurationIsVisible = 0;
			defaultConfigurationName = Release;
		};
/* End XCConfigurationList section */
	};
	rootObject = 88F98E72298BF25200B95A80 /* Project object */;
}
